// !$*UTF8*$!
{
	archiveVersion = 1;
	classes = {
	};
	objectVersion = 50;
	objects = {

/* Begin PBXBuildFile section */
		BF753910218760EB009702E9 /* main.c in Sources */ = {isa = PBXBuildFile; fileRef = BF75390F218760EB009702E9 /* main.c */; };
		BF75391921876141009702E9 /* EvaluateExpression.c in Sources */ = {isa = PBXBuildFile; fileRef = BF75391721876141009702E9 /* EvaluateExpression.c */; };
		BF75391C2187617B009702E9 /* NetWorkPrintTask.c in Sources */ = {isa = PBXBuildFile; fileRef = BF75391A2187617B009702E9 /* NetWorkPrintTask.c */; };
/* End PBXBuildFile section */

/* Begin PBXCopyFilesBuildPhase section */
		BF75390A218760EB009702E9 /* CopyFiles */ = {
			isa = PBXCopyFilesBuildPhase;
			buildActionMask = 2147483647;
			dstPath = /usr/share/man/man1/;
			dstSubfolderSpec = 0;
			files = (
			);
			runOnlyForDeploymentPostprocessing = 1;
		};
/* End PBXCopyFilesBuildPhase section */

/* Begin PBXFileReference section */
		BF75390C218760EB009702E9 /* 栈和队列的应用（算数四则运算和服务器管理网络的打印） */ = {isa = PBXFileReference; explicitFileType = "compiled.mach-o.executable"; includeInIndex = 0; path = "栈和队列的应用（算数四则运算和服务器管理网络的打印）"; sourceTree = BUILT_PRODUCTS_DIR; };
		BF75390F218760EB009702E9 /* main.c */ = {isa = PBXFileReference; lastKnownFileType = sourcecode.c.c; path = main.c; sourceTree = "<group>"; };
		BF753916218760FC009702E9 /* Constant.h */ = {isa = PBXFileReference; lastKnownFileType = sourcecode.c.h; path = Constant.h; sourceTree = "<group>"; };
		BF75391721876141009702E9 /* EvaluateExpression.c */ = {isa = PBXFileReference; lastKnownFileType = sourcecode.c.c; path = EvaluateExpression.c; sourceTree = "<group>"; };
		BF75391821876141009702E9 /* EvaluateExpression.h */ = {isa = PBXFileReference; lastKnownFileType = sourcecode.c.h; path = EvaluateExpression.h; sourceTree = "<group>"; };
		BF75391A2187617B009702E9 /* NetWorkPrintTask.c */ = {isa = PBXFileReference; lastKnownFileType = sourcecode.c.c; path = NetWorkPrintTask.c; sourceTree = "<group>"; };
		BF75391B2187617B009702E9 /* NetWorkPrintTask.h */ = {isa = PBXFileReference; lastKnownFileType = sourcecode.c.h; path = NetWorkPrintTask.h; sourceTree = "<group>"; };
/* End PBXFileReference section */

/* Begin PBXFrameworksBuildPhase section */
		BF753909218760EB009702E9 /* Frameworks */ = {
			isa = PBXFrameworksBuildPhase;
			buildActionMask = 2147483647;
			files = (
			);
			runOnlyForDeploymentPostprocessing = 0;
		};
/* End PBXFrameworksBuildPhase section */

/* Begin PBXGroup section */
		BF753903218760EB009702E9 = {
			isa = PBXGroup;
			children = (
				BF75390E218760EB009702E9 /* 栈和队列的应用（算数四则运算和服务器管理网络的打印） */,
				BF75390D218760EB009702E9 /* Products */,
			);
			sourceTree = "<group>";
		};
		BF75390D218760EB009702E9 /* Products */ = {
			isa = PBXGroup;
			children = (
				BF75390C218760EB009702E9 /* 栈和队列的应用（算数四则运算和服务器管理网络的打印） */,
			);
			name = Products;
			sourceTree = "<group>";
		};
		BF75390E218760EB009702E9 /* 栈和队列的应用（算数四则运算和服务器管理网络的打印） */ = {
			isa = PBXGroup;
			children = (
				BF75390F218760EB009702E9 /* main.c */,
				BF753916218760FC009702E9 /* Constant.h */,
				BF75391821876141009702E9 /* EvaluateExpression.h */,
				BF75391721876141009702E9 /* EvaluateExpression.c */,
				BF75391B2187617B009702E9 /* NetWorkPrintTask.h */,
				BF75391A2187617B009702E9 /* NetWorkPrintTask.c */,
			);
			path = "栈和队列的应用（算数四则运算和服务器管理网络的打印）";
			sourceTree = "<group>";
		};
/* End PBXGroup section */

/* Begin PBXNativeTarget section */
		BF75390B218760EB009702E9 /* 栈和队列的应用（算数四则运算和服务器管理网络的打印） */ = {
			isa = PBXNativeTarget;
			buildConfigurationList = BF753913218760EB009702E9 /* Build configuration list for PBXNativeTarget "栈和队列的应用（算数四则运算和服务器管理网络的打印）" */;
			buildPhases = (
				BF753908218760EB009702E9 /* Sources */,
				BF753909218760EB009702E9 /* Frameworks */,
				BF75390A218760EB009702E9 /* CopyFiles */,
			);
			buildRules = (
			);
			dependencies = (
			);
			name = "栈和队列的应用（算数四则运算和服务器管理网络的打印）";
			productName = "栈和队列的应用（算数四则运算和服务器管理网络的打印）";
			productReference = BF75390C218760EB009702E9 /* 栈和队列的应用（算数四则运算和服务器管理网络的打印） */;
			productType = "com.apple.product-type.tool";
		};
/* End PBXNativeTarget section */

/* Begin PBXProject section */
		BF753904218760EB009702E9 /* Project object */ = {
			isa = PBXProject;
			attributes = {
				LastUpgradeCheck = 1000;
				ORGANIZATIONNAME = zhangjun;
				TargetAttributes = {
					BF75390B218760EB009702E9 = {
						CreatedOnToolsVersion = 10.0;
					};
				};
			};
			buildConfigurationList = BF753907218760EB009702E9 /* Build configuration list for PBXProject "栈和队列的应用（算数四则运算和服务器管理网络的打印）" */;
			compatibilityVersion = "Xcode 9.3";
			developmentRegion = en;
			hasScannedForEncodings = 0;
			knownRegions = (
				en,
			);
			mainGroup = BF753903218760EB009702E9;
			productRefGroup = BF75390D218760EB009702E9 /* Products */;
			projectDirPath = "";
			projectRoot = "";
			targets = (
				BF75390B218760EB009702E9 /* 栈和队列的应用（算数四则运算和服务器管理网络的打印） */,
			);
		};
/* End PBXProject section */

/* Begin PBXSourcesBuildPhase section */
		BF753908218760EB009702E9 /* Sources */ = {
			isa = PBXSourcesBuildPhase;
			buildActionMask = 2147483647;
			files = (
				BF75391921876141009702E9 /* EvaluateExpression.c in Sources */,
				BF753910218760EB009702E9 /* main.c in Sources */,
				BF75391C2187617B009702E9 /* NetWorkPrintTask.c in Sources */,
			);
			runOnlyForDeploymentPostprocessing = 0;
		};
/* End PBXSourcesBuildPhase section */

/* Begin XCBuildConfiguration section */
		BF753911218760EB009702E9 /* Debug */ = {
			isa = XCBuildConfiguration;
			buildSettings = {
				ALWAYS_SEARCH_USER_PATHS = NO;
				CLANG_ANALYZER_NONNULL = YES;
				CLANG_ANALYZER_NUMBER_OBJECT_CONVERSION = YES_AGGRESSIVE;
				CLANG_CXX_LANGUAGE_STANDARD = "gnu++14";
				CLANG_CXX_LIBRARY = "libc++";
				CLANG_ENABLE_MODULES = YES;
				CLANG_ENABLE_OBJC_ARC = YES;
				CLANG_ENABLE_OBJC_WEAK = YES;
				CLANG_WARN_BLOCK_CAPTURE_AUTORELEASING = YES;
				CLANG_WARN_BOOL_CONVERSION = YES;
				CLANG_WARN_COMMA = YES;
				CLANG_WARN_CONSTANT_CONVERSION = YES;
				CLANG_WARN_DEPRECATED_OBJC_IMPLEMENTATIONS = YES;
				CLANG_WARN_DIRECT_OBJC_ISA_USAGE = YES_ERROR;
				CLANG_WARN_DOCUMENTATION_COMMENTS = YES;
				CLANG_WARN_EMPTY_BODY = YES;
				CLANG_WARN_ENUM_CONVERSION = YES;
				CLANG_WARN_INFINITE_RECURSION = YES;
				CLANG_WARN_INT_CONVERSION = YES;
				CLANG_WARN_NON_LITERAL_NULL_CONVERSION = YES;
				CLANG_WARN_OBJC_IMPLICIT_RETAIN_SELF = YES;
				CLANG_WARN_OBJC_LITERAL_CONVERSION = YES;
				CLANG_WARN_OBJC_ROOT_CLASS = YES_ERROR;
				CLANG_WARN_RANGE_LOOP_ANALYSIS = YES;
				CLANG_WARN_STRICT_PROTOTYPES = YES;
				CLANG_WARN_SUSPICIOUS_MOVE = YES;
				CLANG_WARN_UNGUARDED_AVAILABILITY = YES_AGGRESSIVE;
				CLANG_WARN_UNREACHABLE_CODE = YES;
				CLANG_WARN__DUPLICATE_METHOD_MATCH = YES;
				CODE_SIGN_IDENTITY = "-";
				COPY_PHASE_STRIP = NO;
				DEBUG_INFORMATION_FORMAT = dwarf;
				ENABLE_STRICT_OBJC_MSGSEND = YES;
				ENABLE_TESTABILITY = YES;
				GCC_C_LANGUAGE_STANDARD = gnu11;
				GCC_DYNAMIC_NO_PIC = NO;
				GCC_NO_COMMON_BLOCKS = YES;
				GCC_OPTIMIZATION_LEVEL = 0;
				GCC_PREPROCESSOR_DEFINITIONS = (
					"DEBUG=1",
					"$(inherited)",
				);
				GCC_WARN_64_TO_32_BIT_CONVERSION = YES;
				GCC_WARN_ABOUT_RETURN_TYPE = YES_ERROR;
				GCC_WARN_UNDECLARED_SELECTOR = YES;
				GCC_WARN_UNINITIALIZED_AUTOS = YES_AGGRESSIVE;
				GCC_WARN_UNUSED_FUNCTION = YES;
				GCC_WARN_UNUSED_VARIABLE = YES;
				MACOSX_DEPLOYMENT_TARGET = 10.13;
				MTL_ENABLE_DEBUG_INFO = INCLUDE_SOURCE;
				MTL_FAST_MATH = YES;
				ONLY_ACTIVE_ARCH = YES;
				SDKROOT = macosx;
			};
			name = Debug;
		};
		BF753912218760EB009702E9 /* Release */ = {
			isa = XCBuildConfiguration;
			buildSettings = {
				ALWAYS_SEARCH_USER_PATHS = NO;
				CLANG_ANALYZER_NONNULL = YES;
				CLANG_ANALYZER_NUMBER_OBJECT_CONVERSION = YES_AGGRESSIVE;
				CLANG_CXX_LANGUAGE_STANDARD = "gnu++14";
				CLANG_CXX_LIBRARY = "libc++";
				CLANG_ENABLE_MODULES = YES;
				CLANG_ENABLE_OBJC_ARC = YES;
				CLANG_ENABLE_OBJC_WEAK = YES;
				CLANG_WARN_BLOCK_CAPTURE_AUTORELEASING = YES;
				CLANG_WARN_BOOL_CONVERSION = YES;
				CLANG_WARN_COMMA = YES;
				CLANG_WARN_CONSTANT_CONVERSION = YES;
				CLANG_WARN_DEPRECATED_OBJC_IMPLEMENTATIONS = YES;
				CLANG_WARN_DIRECT_OBJC_ISA_USAGE = YES_ERROR;
				CLANG_WARN_DOCUMENTATION_COMMENTS = YES;
				CLANG_WARN_EMPTY_BODY = YES;
				CLANG_WARN_ENUM_CONVERSION = YES;
				CLANG_WARN_INFINITE_RECURSION = YES;
				CLANG_WARN_INT_CONVERSION = YES;
				CLANG_WARN_NON_LITERAL_NULL_CONVERSION = YES;
				CLANG_WARN_OBJC_IMPLICIT_RETAIN_SELF = YES;
				CLANG_WARN_OBJC_LITERAL_CONVERSION = YES;
				CLANG_WARN_OBJC_ROOT_CLASS = YES_ERROR;
				CLANG_WARN_RANGE_LOOP_ANALYSIS = YES;
				CLANG_WARN_STRICT_PROTOTYPES = YES;
				CLANG_WARN_SUSPICIOUS_MOVE = YES;
				CLANG_WARN_UNGUARDED_AVAILABILITY = YES_AGGRESSIVE;
				CLANG_WARN_UNREACHABLE_CODE = YES;
				CLANG_WARN__DUPLICATE_METHOD_MATCH = YES;
				CODE_SIGN_IDENTITY = "-";
				COPY_PHASE_STRIP = NO;
				DEBUG_INFORMATION_FORMAT = "dwarf-with-dsym";
				ENABLE_NS_ASSERTIONS = NO;
				ENABLE_STRICT_OBJC_MSGSEND = YES;
				GCC_C_LANGUAGE_STANDARD = gnu11;
				GCC_NO_COMMON_BLOCKS = YES;
				GCC_WARN_64_TO_32_BIT_CONVERSION = YES;
				GCC_WARN_ABOUT_RETURN_TYPE = YES_ERROR;
				GCC_WARN_UNDECLARED_SELECTOR = YES;
				GCC_WARN_UNINITIALIZED_AUTOS = YES_AGGRESSIVE;
				GCC_WARN_UNUSED_FUNCTION = YES;
				GCC_WARN_UNUSED_VARIABLE = YES;
				MACOSX_DEPLOYMENT_TARGET = 10.13;
				MTL_ENABLE_DEBUG_INFO = NO;
				MTL_FAST_MATH = YES;
				SDKROOT = macosx;
			};
			name = Release;
		};
		BF753914218760EB009702E9 /* Debug */ = {
			isa = XCBuildConfiguration;
			buildSettings = {
				CODE_SIGN_STYLE = Automatic;
				PRODUCT_NAME = "$(TARGET_NAME)";
			};
			name = Debug;
		};
		BF753915218760EB009702E9 /* Release */ = {
			isa = XCBuildConfiguration;
			buildSettings = {
				CODE_SIGN_STYLE = Automatic;
				PRODUCT_NAME = "$(TARGET_NAME)";
			};
			name = Release;
		};
/* End XCBuildConfiguration section */

/* Begin XCConfigurationList section */
		BF753907218760EB009702E9 /* Build configuration list for PBXProject "栈和队列的应用（算数四则运算和服务器管理网络的打印）" */ = {
			isa = XCConfigurationList;
			buildConfigurations = (
				BF753911218760EB009702E9 /* Debug */,
				BF753912218760EB009702E9 /* Release */,
			);
			defaultConfigurationIsVisible = 0;
			defaultConfigurationName = Release;
		};
		BF753913218760EB009702E9 /* Build configuration list for PBXNativeTarget "栈和队列的应用（算数四则运算和服务器管理网络的打印）" */ = {
			isa = XCConfigurationList;
			buildConfigurations = (
				BF753914218760EB009702E9 /* Debug */,
				BF753915218760EB009702E9 /* Release */,
			);
			defaultConfigurationIsVisible = 0;
			defaultConfigurationName = Release;
		};
/* End XCConfigurationList section */
	};
	rootObject = BF753904218760EB009702E9 /* Project object */;
}
